// !$*UTF8*$!
{
	archiveVersion = 1;
	classes = {
	};
	objectVersion = 55;
	objects = {

/* Begin PBXBuildFile section */
		5A23B88B606A01E3012FDF46 /* Pods_HorseWeather.framework in Frameworks */ = {isa = PBXBuildFile; fileRef = 5E5C942B2458C1FD45CF598D /* Pods_HorseWeather.framework */; };
		EC416439289928B9009FAD24 /* FortuneView.swift in Sources */ = {isa = PBXBuildFile; fileRef = EC416438289928B9009FAD24 /* FortuneView.swift */; };
		EC41643B28997496009FAD24 /* FortuneViewModel.swift in Sources */ = {isa = PBXBuildFile; fileRef = EC41643A28997494009FAD24 /* FortuneViewModel.swift */; };
		EC43A1B6288BC6CD0011B8BE /* Selima .otf in Resources */ = {isa = PBXBuildFile; fileRef = EC43A1B5288BC6CD0011B8BE /* Selima .otf */; };
		EC43A1B8288BCC330011B8BE /* KouzanMouhituFontOTF.otf in Resources */ = {isa = PBXBuildFile; fileRef = EC43A1B7288BCC330011B8BE /* KouzanMouhituFontOTF.otf */; };
		EC64ECB0287B248700311CB7 /* HorseWeatherApp.swift in Sources */ = {isa = PBXBuildFile; fileRef = EC64ECAF287B248700311CB7 /* HorseWeatherApp.swift */; };
		EC64ECB2287B248700311CB7 /* ContentView.swift in Sources */ = {isa = PBXBuildFile; fileRef = EC64ECB1287B248700311CB7 /* ContentView.swift */; };
		EC64ECB4287B248F00311CB7 /* Assets.xcassets in Resources */ = {isa = PBXBuildFile; fileRef = EC64ECB3287B248F00311CB7 /* Assets.xcassets */; };
		EC64ECB7287B248F00311CB7 /* Preview Assets.xcassets in Resources */ = {isa = PBXBuildFile; fileRef = EC64ECB6287B248F00311CB7 /* Preview Assets.xcassets */; };
		EC64ECC2287B405B00311CB7 /* FuchuTabView.swift in Sources */ = {isa = PBXBuildFile; fileRef = EC64ECC1287B405B00311CB7 /* FuchuTabView.swift */; };
		EC64ECC4287B433300311CB7 /* NakayamaTabView.swift in Sources */ = {isa = PBXBuildFile; fileRef = EC64ECC3287B433300311CB7 /* NakayamaTabView.swift */; };
		EC64ECC6287B43D300311CB7 /* HanshinTabView.swift in Sources */ = {isa = PBXBuildFile; fileRef = EC64ECC5287B43D300311CB7 /* HanshinTabView.swift */; };
		EC6A91E628B7706A008A21B1 /* BannerAd.swift in Sources */ = {isa = PBXBuildFile; fileRef = EC6A91E528B7706A008A21B1 /* BannerAd.swift */; };
		ECB5B3C128A4CC5000DD0604 /* TodoView.swift in Sources */ = {isa = PBXBuildFile; fileRef = ECB5B3C028A4CC5000DD0604 /* TodoView.swift */; };
		ECB5B3C428A4E82B00DD0604 /* Realm in Frameworks */ = {isa = PBXBuildFile; productRef = ECB5B3C328A4E82B00DD0604 /* Realm */; };
		ECB5B3C628A4E82B00DD0604 /* RealmSwift in Frameworks */ = {isa = PBXBuildFile; productRef = ECB5B3C528A4E82B00DD0604 /* RealmSwift */; };
		ECB5B3CA28A4EADD00DD0604 /* RealmManager.swift in Sources */ = {isa = PBXBuildFile; fileRef = ECB5B3C928A4EADD00DD0604 /* RealmManager.swift */; };
		ECB5B3CC28A4EF7700DD0604 /* Task.swift in Sources */ = {isa = PBXBuildFile; fileRef = ECB5B3CB28A4EF7700DD0604 /* Task.swift */; };
		ECCB11E828A1021E0098D390 /* TaskView.swift in Sources */ = {isa = PBXBuildFile; fileRef = ECCB11E728A1021E0098D390 /* TaskView.swift */; };
		ECCB11ED28A103A20098D390 /* TaskRow.swift in Sources */ = {isa = PBXBuildFile; fileRef = ECCB11EC28A103A20098D390 /* TaskRow.swift */; };
		ECCB11EF28A1056B0098D390 /* AddTaskView.swift in Sources */ = {isa = PBXBuildFile; fileRef = ECCB11EE28A1056B0098D390 /* AddTaskView.swift */; };
		ECCB11F128A1097F0098D390 /* SmallAddButton.swift in Sources */ = {isa = PBXBuildFile; fileRef = ECCB11F028A1097E0098D390 /* SmallAddButton.swift */; };
		ECD8A96C28859CA60076B5E2 /* NakayamaViewModel.swift in Sources */ = {isa = PBXBuildFile; fileRef = ECD8A96B28859CA60076B5E2 /* NakayamaViewModel.swift */; };
		ECD8A96E28859E410076B5E2 /* HanshinViewModel.swift in Sources */ = {isa = PBXBuildFile; fileRef = ECD8A96D28859E400076B5E2 /* HanshinViewModel.swift */; };
		ECE188EB28806CE700DFC5C2 /* Model.swift in Sources */ = {isa = PBXBuildFile; fileRef = ECE188EA28806CE700DFC5C2 /* Model.swift */; };
		ECE188ED28806CFD00DFC5C2 /* ViewModel.swift in Sources */ = {isa = PBXBuildFile; fileRef = ECE188EC28806CFD00DFC5C2 /* ViewModel.swift */; };
		ECE188F028816FE300DFC5C2 /* SDWebImageSwiftUI in Frameworks */ = {isa = PBXBuildFile; productRef = ECE188EF28816FE300DFC5C2 /* SDWebImageSwiftUI */; };
/* End PBXBuildFile section */

/* Begin PBXFileReference section */
		5E5C942B2458C1FD45CF598D /* Pods_HorseWeather.framework */ = {isa = PBXFileReference; explicitFileType = wrapper.framework; includeInIndex = 0; path = Pods_HorseWeather.framework; sourceTree = BUILT_PRODUCTS_DIR; };
		6B7C4A6ECF9439FA5EAC001D /* Pods-HorseWeather.debug.xcconfig */ = {isa = PBXFileReference; includeInIndex = 1; lastKnownFileType = text.xcconfig; name = "Pods-HorseWeather.debug.xcconfig"; path = "Target Support Files/Pods-HorseWeather/Pods-HorseWeather.debug.xcconfig"; sourceTree = "<group>"; };
		97D8290046FC740CD419A33B /* Pods-HorseWeather.release.xcconfig */ = {isa = PBXFileReference; includeInIndex = 1; lastKnownFileType = text.xcconfig; name = "Pods-HorseWeather.release.xcconfig"; path = "Target Support Files/Pods-HorseWeather/Pods-HorseWeather.release.xcconfig"; sourceTree = "<group>"; };
		EC416438289928B9009FAD24 /* FortuneView.swift */ = {isa = PBXFileReference; lastKnownFileType = sourcecode.swift; path = FortuneView.swift; sourceTree = "<group>"; };
		EC41643A28997494009FAD24 /* FortuneViewModel.swift */ = {isa = PBXFileReference; lastKnownFileType = sourcecode.swift; path = FortuneViewModel.swift; sourceTree = "<group>"; };
		EC43A1B4288BC3930011B8BE /* Info.plist */ = {isa = PBXFileReference; lastKnownFileType = text.plist; path = Info.plist; sourceTree = "<group>"; };
		EC43A1B5288BC6CD0011B8BE /* Selima .otf */ = {isa = PBXFileReference; lastKnownFileType = file; path = "Selima .otf"; sourceTree = "<group>"; };
		EC43A1B7288BCC330011B8BE /* KouzanMouhituFontOTF.otf */ = {isa = PBXFileReference; lastKnownFileType = file; path = KouzanMouhituFontOTF.otf; sourceTree = "<group>"; };
		EC64ECAC287B248700311CB7 /* HorseWeather.app */ = {isa = PBXFileReference; explicitFileType = wrapper.application; includeInIndex = 0; path = HorseWeather.app; sourceTree = BUILT_PRODUCTS_DIR; };
		EC64ECAF287B248700311CB7 /* HorseWeatherApp.swift */ = {isa = PBXFileReference; lastKnownFileType = sourcecode.swift; path = HorseWeatherApp.swift; sourceTree = "<group>"; };
		EC64ECB1287B248700311CB7 /* ContentView.swift */ = {isa = PBXFileReference; lastKnownFileType = sourcecode.swift; path = ContentView.swift; sourceTree = "<group>"; };
		EC64ECB3287B248F00311CB7 /* Assets.xcassets */ = {isa = PBXFileReference; lastKnownFileType = folder.assetcatalog; path = Assets.xcassets; sourceTree = "<group>"; };
		EC64ECB6287B248F00311CB7 /* Preview Assets.xcassets */ = {isa = PBXFileReference; lastKnownFileType = folder.assetcatalog; path = "Preview Assets.xcassets"; sourceTree = "<group>"; };
		EC64ECC1287B405B00311CB7 /* FuchuTabView.swift */ = {isa = PBXFileReference; lastKnownFileType = sourcecode.swift; path = FuchuTabView.swift; sourceTree = "<group>"; };
		EC64ECC3287B433300311CB7 /* NakayamaTabView.swift */ = {isa = PBXFileReference; lastKnownFileType = sourcecode.swift; path = NakayamaTabView.swift; sourceTree = "<group>"; };
		EC64ECC5287B43D300311CB7 /* HanshinTabView.swift */ = {isa = PBXFileReference; lastKnownFileType = sourcecode.swift; path = HanshinTabView.swift; sourceTree = "<group>"; };
		EC6A91E528B7706A008A21B1 /* BannerAd.swift */ = {isa = PBXFileReference; lastKnownFileType = sourcecode.swift; path = BannerAd.swift; sourceTree = "<group>"; };
		ECB5B3C028A4CC5000DD0604 /* TodoView.swift */ = {isa = PBXFileReference; lastKnownFileType = sourcecode.swift; path = TodoView.swift; sourceTree = "<group>"; };
		ECB5B3C928A4EADD00DD0604 /* RealmManager.swift */ = {isa = PBXFileReference; lastKnownFileType = sourcecode.swift; path = RealmManager.swift; sourceTree = "<group>"; };
		ECB5B3CB28A4EF7700DD0604 /* Task.swift */ = {isa = PBXFileReference; lastKnownFileType = sourcecode.swift; path = Task.swift; sourceTree = "<group>"; };
		ECCB11E728A1021E0098D390 /* TaskView.swift */ = {isa = PBXFileReference; lastKnownFileType = sourcecode.swift; path = TaskView.swift; sourceTree = "<group>"; };
		ECCB11EC28A103A20098D390 /* TaskRow.swift */ = {isa = PBXFileReference; lastKnownFileType = sourcecode.swift; path = TaskRow.swift; sourceTree = "<group>"; };
		ECCB11EE28A1056B0098D390 /* AddTaskView.swift */ = {isa = PBXFileReference; lastKnownFileType = sourcecode.swift; path = AddTaskView.swift; sourceTree = "<group>"; };
		ECCB11F028A1097E0098D390 /* SmallAddButton.swift */ = {isa = PBXFileReference; lastKnownFileType = sourcecode.swift; path = SmallAddButton.swift; sourceTree = "<group>"; };
		ECD8A96B28859CA60076B5E2 /* NakayamaViewModel.swift */ = {isa = PBXFileReference; lastKnownFileType = sourcecode.swift; path = NakayamaViewModel.swift; sourceTree = "<group>"; };
		ECD8A96D28859E400076B5E2 /* HanshinViewModel.swift */ = {isa = PBXFileReference; lastKnownFileType = sourcecode.swift; path = HanshinViewModel.swift; sourceTree = "<group>"; };
		ECE188EA28806CE700DFC5C2 /* Model.swift */ = {isa = PBXFileReference; lastKnownFileType = sourcecode.swift; path = Model.swift; sourceTree = "<group>"; };
		ECE188EC28806CFD00DFC5C2 /* ViewModel.swift */ = {isa = PBXFileReference; lastKnownFileType = sourcecode.swift; path = ViewModel.swift; sourceTree = "<group>"; };
/* End PBXFileReference section */

/* Begin PBXFrameworksBuildPhase section */
		EC64ECA9287B248700311CB7 /* Frameworks */ = {
			isa = PBXFrameworksBuildPhase;
			buildActionMask = 2147483647;
			files = (
				ECB5B3C628A4E82B00DD0604 /* RealmSwift in Frameworks */,
				ECB5B3C428A4E82B00DD0604 /* Realm in Frameworks */,
				ECE188F028816FE300DFC5C2 /* SDWebImageSwiftUI in Frameworks */,
				5A23B88B606A01E3012FDF46 /* Pods_HorseWeather.framework in Frameworks */,
			);
			runOnlyForDeploymentPostprocessing = 0;
		};
/* End PBXFrameworksBuildPhase section */

/* Begin PBXGroup section */
		B10295B01E3D3072C55C4190 /* Pods */ = {
			isa = PBXGroup;
			children = (
				6B7C4A6ECF9439FA5EAC001D /* Pods-HorseWeather.debug.xcconfig */,
				97D8290046FC740CD419A33B /* Pods-HorseWeather.release.xcconfig */,
			);
			path = Pods;
			sourceTree = "<group>";
		};
		E462DD12BDC1AF6713ADD1A0 /* Frameworks */ = {
			isa = PBXGroup;
			children = (
				5E5C942B2458C1FD45CF598D /* Pods_HorseWeather.framework */,
			);
			name = Frameworks;
			sourceTree = "<group>";
		};
		EC64ECA3287B248700311CB7 = {
			isa = PBXGroup;
			children = (
				EC64ECAE287B248700311CB7 /* HorseWeather */,
				EC64ECAD287B248700311CB7 /* Products */,
				B10295B01E3D3072C55C4190 /* Pods */,
				E462DD12BDC1AF6713ADD1A0 /* Frameworks */,
			);
			sourceTree = "<group>";
		};
		EC64ECAD287B248700311CB7 /* Products */ = {
			isa = PBXGroup;
			children = (
				EC64ECAC287B248700311CB7 /* HorseWeather.app */,
			);
			name = Products;
			sourceTree = "<group>";
		};
		EC64ECAE287B248700311CB7 /* HorseWeather */ = {
			isa = PBXGroup;
			children = (
				EC43A1B4288BC3930011B8BE /* Info.plist */,
				EC64ECAF287B248700311CB7 /* HorseWeatherApp.swift */,
				ECCB11E928A1036A0098D390 /* Todo */,
				EC66DD2228855ADF0027845A /* ViewModel */,
				EC66DD2128855AC50027845A /* View */,
				ECD8A96A288597EC0076B5E2 /* Model */,
				EC64ECB3287B248F00311CB7 /* Assets.xcassets */,
				EC43A1B5288BC6CD0011B8BE /* Selima .otf */,
				EC43A1B7288BCC330011B8BE /* KouzanMouhituFontOTF.otf */,
				ECB5B3C928A4EADD00DD0604 /* RealmManager.swift */,
				EC6A91E528B7706A008A21B1 /* BannerAd.swift */,
				ECB5B3CB28A4EF7700DD0604 /* Task.swift */,
				EC64ECB5287B248F00311CB7 /* Preview Content */,
			);
			path = HorseWeather;
			sourceTree = "<group>";
		};
		EC64ECB5287B248F00311CB7 /* Preview Content */ = {
			isa = PBXGroup;
			children = (
				EC64ECB6287B248F00311CB7 /* Preview Assets.xcassets */,
			);
			path = "Preview Content";
			sourceTree = "<group>";
		};
		EC66DD2128855AC50027845A /* View */ = {
			isa = PBXGroup;
			children = (
				EC64ECB1287B248700311CB7 /* ContentView.swift */,
				EC64ECC1287B405B00311CB7 /* FuchuTabView.swift */,
				EC64ECC3287B433300311CB7 /* NakayamaTabView.swift */,
				EC64ECC5287B43D300311CB7 /* HanshinTabView.swift */,
				EC416438289928B9009FAD24 /* FortuneView.swift */,
				ECB5B3C028A4CC5000DD0604 /* TodoView.swift */,
			);
			path = View;
			sourceTree = "<group>";
		};
		EC66DD2228855ADF0027845A /* ViewModel */ = {
			isa = PBXGroup;
			children = (
				ECE188EC28806CFD00DFC5C2 /* ViewModel.swift */,
				ECD8A96B28859CA60076B5E2 /* NakayamaViewModel.swift */,
				ECD8A96D28859E400076B5E2 /* HanshinViewModel.swift */,
				EC41643A28997494009FAD24 /* FortuneViewModel.swift */,
			);
			path = ViewModel;
			sourceTree = "<group>";
		};
		ECCB11E928A1036A0098D390 /* Todo */ = {
			isa = PBXGroup;
			children = (
				ECCB11EB28A103860098D390 /* Components */,
				ECCB11EA28A103740098D390 /* View */,
			);
			path = Todo;
			sourceTree = "<group>";
		};
		ECCB11EA28A103740098D390 /* View */ = {
			isa = PBXGroup;
			children = (
				ECCB11E728A1021E0098D390 /* TaskView.swift */,
				ECCB11EE28A1056B0098D390 /* AddTaskView.swift */,
			);
			path = View;
			sourceTree = "<group>";
		};
		ECCB11EB28A103860098D390 /* Components */ = {
			isa = PBXGroup;
			children = (
				ECCB11EC28A103A20098D390 /* TaskRow.swift */,
				ECCB11F028A1097E0098D390 /* SmallAddButton.swift */,
			);
			path = Components;
			sourceTree = "<group>";
		};
		ECD8A96A288597EC0076B5E2 /* Model */ = {
			isa = PBXGroup;
			children = (
				ECE188EA28806CE700DFC5C2 /* Model.swift */,
			);
			path = Model;
			sourceTree = "<group>";
		};
/* End PBXGroup section */

/* Begin PBXNativeTarget section */
		EC64ECAB287B248700311CB7 /* HorseWeather */ = {
			isa = PBXNativeTarget;
			buildConfigurationList = EC64ECBA287B248F00311CB7 /* Build configuration list for PBXNativeTarget "HorseWeather" */;
			buildPhases = (
				4C7E18E0038D63264AE28BF0 /* [CP] Check Pods Manifest.lock */,
				EC64ECA8287B248700311CB7 /* Sources */,
				EC64ECA9287B248700311CB7 /* Frameworks */,
				EC64ECAA287B248700311CB7 /* Resources */,
				5CC25DAC95305155AA23773C /* [CP] Embed Pods Frameworks */,
			);
			buildRules = (
			);
			dependencies = (
			);
			name = HorseWeather;
			packageProductDependencies = (
				ECE188EF28816FE300DFC5C2 /* SDWebImageSwiftUI */,
				ECB5B3C328A4E82B00DD0604 /* Realm */,
				ECB5B3C528A4E82B00DD0604 /* RealmSwift */,
			);
			productName = HorseWeather;
			productReference = EC64ECAC287B248700311CB7 /* HorseWeather.app */;
			productType = "com.apple.product-type.application";
		};
/* End PBXNativeTarget section */

/* Begin PBXProject section */
		EC64ECA4287B248700311CB7 /* Project object */ = {
			isa = PBXProject;
			attributes = {
				BuildIndependentTargetsInParallel = 1;
				LastSwiftUpdateCheck = 1340;
				LastUpgradeCheck = 1340;
				TargetAttributes = {
					EC64ECAB287B248700311CB7 = {
						CreatedOnToolsVersion = 13.4.1;
					};
				};
			};
			buildConfigurationList = EC64ECA7287B248700311CB7 /* Build configuration list for PBXProject "HorseWeather" */;
			compatibilityVersion = "Xcode 13.0";
			developmentRegion = en;
			hasScannedForEncodings = 0;
			knownRegions = (
				en,
				Base,
			);
			mainGroup = EC64ECA3287B248700311CB7;
			packageReferences = (
				ECE188EE28816FE200DFC5C2 /* XCRemoteSwiftPackageReference "SDWebImageSwiftUI" */,
				ECB5B3C228A4E82A00DD0604 /* XCRemoteSwiftPackageReference "realm-swift" */,
			);
			productRefGroup = EC64ECAD287B248700311CB7 /* Products */;
			projectDirPath = "";
			projectRoot = "";
			targets = (
				EC64ECAB287B248700311CB7 /* HorseWeather */,
			);
		};
/* End PBXProject section */

/* Begin PBXResourcesBuildPhase section */
		EC64ECAA287B248700311CB7 /* Resources */ = {
			isa = PBXResourcesBuildPhase;
			buildActionMask = 2147483647;
			files = (
				EC64ECB7287B248F00311CB7 /* Preview Assets.xcassets in Resources */,
				EC43A1B6288BC6CD0011B8BE /* Selima .otf in Resources */,
				EC43A1B8288BCC330011B8BE /* KouzanMouhituFontOTF.otf in Resources */,
				EC64ECB4287B248F00311CB7 /* Assets.xcassets in Resources */,
			);
			runOnlyForDeploymentPostprocessing = 0;
		};
/* End PBXResourcesBuildPhase section */

/* Begin PBXShellScriptBuildPhase section */
		4C7E18E0038D63264AE28BF0 /* [CP] Check Pods Manifest.lock */ = {
			isa = PBXShellScriptBuildPhase;
			buildActionMask = 2147483647;
			files = (
			);
			inputFileListPaths = (
			);
			inputPaths = (
				"${PODS_PODFILE_DIR_PATH}/Podfile.lock",
				"${PODS_ROOT}/Manifest.lock",
			);
			name = "[CP] Check Pods Manifest.lock";
			outputFileListPaths = (
			);
			outputPaths = (
				"$(DERIVED_FILE_DIR)/Pods-HorseWeather-checkManifestLockResult.txt",
			);
			runOnlyForDeploymentPostprocessing = 0;
			shellPath = /bin/sh;
			shellScript = "diff \"${PODS_PODFILE_DIR_PATH}/Podfile.lock\" \"${PODS_ROOT}/Manifest.lock\" > /dev/null\nif [ $? != 0 ] ; then\n    # print error to STDERR\n    echo \"error: The sandbox is not in sync with the Podfile.lock. Run 'pod install' or update your CocoaPods installation.\" >&2\n    exit 1\nfi\n# This output is used by Xcode 'outputs' to avoid re-running this script phase.\necho \"SUCCESS\" > \"${SCRIPT_OUTPUT_FILE_0}\"\n";
			showEnvVarsInLog = 0;
		};
		5CC25DAC95305155AA23773C /* [CP] Embed Pods Frameworks */ = {
			isa = PBXShellScriptBuildPhase;
			buildActionMask = 2147483647;
			files = (
			);
			inputFileListPaths = (
				"${PODS_ROOT}/Target Support Files/Pods-HorseWeather/Pods-HorseWeather-frameworks-${CONFIGURATION}-input-files.xcfilelist",
			);
			name = "[CP] Embed Pods Frameworks";
			outputFileListPaths = (
				"${PODS_ROOT}/Target Support Files/Pods-HorseWeather/Pods-HorseWeather-frameworks-${CONFIGURATION}-output-files.xcfilelist",
			);
			runOnlyForDeploymentPostprocessing = 0;
			shellPath = /bin/sh;
			shellScript = "\"${PODS_ROOT}/Target Support Files/Pods-HorseWeather/Pods-HorseWeather-frameworks.sh\"\n";
			showEnvVarsInLog = 0;
		};
/* End PBXShellScriptBuildPhase section */

/* Begin PBXSourcesBuildPhase section */
		EC64ECA8287B248700311CB7 /* Sources */ = {
			isa = PBXSourcesBuildPhase;
			buildActionMask = 2147483647;
			files = (
				EC64ECB2287B248700311CB7 /* ContentView.swift in Sources */,
				ECCB11EF28A1056B0098D390 /* AddTaskView.swift in Sources */,
				ECD8A96E28859E410076B5E2 /* HanshinViewModel.swift in Sources */,
				ECCB11F128A1097F0098D390 /* SmallAddButton.swift in Sources */,
				ECD8A96C28859CA60076B5E2 /* NakayamaViewModel.swift in Sources */,
				ECCB11E828A1021E0098D390 /* TaskView.swift in Sources */,
				ECB5B3CA28A4EADD00DD0604 /* RealmManager.swift in Sources */,
				EC64ECC6287B43D300311CB7 /* HanshinTabView.swift in Sources */,
				ECCB11ED28A103A20098D390 /* TaskRow.swift in Sources */,
				EC64ECC2287B405B00311CB7 /* FuchuTabView.swift in Sources */,
				EC41643B28997496009FAD24 /* FortuneViewModel.swift in Sources */,
				EC6A91E628B7706A008A21B1 /* BannerAd.swift in Sources */,
				ECB5B3C128A4CC5000DD0604 /* TodoView.swift in Sources */,
				ECE188EB28806CE700DFC5C2 /* Model.swift in Sources */,
				EC416439289928B9009FAD24 /* FortuneView.swift in Sources */,
				EC64ECC4287B433300311CB7 /* NakayamaTabView.swift in Sources */,
				EC64ECB0287B248700311CB7 /* HorseWeatherApp.swift in Sources */,
				ECB5B3CC28A4EF7700DD0604 /* Task.swift in Sources */,
				ECE188ED28806CFD00DFC5C2 /* ViewModel.swift in Sources */,
			);
			runOnlyForDeploymentPostprocessing = 0;
		};
/* End PBXSourcesBuildPhase section */

/* Begin XCBuildConfiguration section */
		EC64ECB8287B248F00311CB7 /* Debug */ = {
			isa = XCBuildConfiguration;
			buildSettings = {
				ALWAYS_SEARCH_USER_PATHS = NO;
				CLANG_ANALYZER_NONNULL = YES;
				CLANG_ANALYZER_NUMBER_OBJECT_CONVERSION = YES_AGGRESSIVE;
				CLANG_CXX_LANGUAGE_STANDARD = "gnu++17";
				CLANG_ENABLE_MODULES = YES;
				CLANG_ENABLE_OBJC_ARC = YES;
				CLANG_ENABLE_OBJC_WEAK = YES;
				CLANG_WARN_BLOCK_CAPTURE_AUTORELEASING = YES;
				CLANG_WARN_BOOL_CONVERSION = YES;
				CLANG_WARN_COMMA = YES;
				CLANG_WARN_CONSTANT_CONVERSION = YES;
				CLANG_WARN_DEPRECATED_OBJC_IMPLEMENTATIONS = YES;
				CLANG_WARN_DIRECT_OBJC_ISA_USAGE = YES_ERROR;
				CLANG_WARN_DOCUMENTATION_COMMENTS = YES;
				CLANG_WARN_EMPTY_BODY = YES;
				CLANG_WARN_ENUM_CONVERSION = YES;
				CLANG_WARN_INFINITE_RECURSION = YES;
				CLANG_WARN_INT_CONVERSION = YES;
				CLANG_WARN_NON_LITERAL_NULL_CONVERSION = YES;
				CLANG_WARN_OBJC_IMPLICIT_RETAIN_SELF = YES;
				CLANG_WARN_OBJC_LITERAL_CONVERSION = YES;
				CLANG_WARN_OBJC_ROOT_CLASS = YES_ERROR;
				CLANG_WARN_QUOTED_INCLUDE_IN_FRAMEWORK_HEADER = YES;
				CLANG_WARN_RANGE_LOOP_ANALYSIS = YES;
				CLANG_WARN_STRICT_PROTOTYPES = YES;
				CLANG_WARN_SUSPICIOUS_MOVE = YES;
				CLANG_WARN_UNGUARDED_AVAILABILITY = YES_AGGRESSIVE;
				CLANG_WARN_UNREACHABLE_CODE = YES;
				CLANG_WARN__DUPLICATE_METHOD_MATCH = YES;
				COPY_PHASE_STRIP = NO;
				DEBUG_INFORMATION_FORMAT = dwarf;
				ENABLE_STRICT_OBJC_MSGSEND = YES;
				ENABLE_TESTABILITY = YES;
				GCC_C_LANGUAGE_STANDARD = gnu11;
				GCC_DYNAMIC_NO_PIC = NO;
				GCC_NO_COMMON_BLOCKS = YES;
				GCC_OPTIMIZATION_LEVEL = 0;
				GCC_PREPROCESSOR_DEFINITIONS = (
					"DEBUG=1",
					"$(inherited)",
				);
				GCC_WARN_64_TO_32_BIT_CONVERSION = YES;
				GCC_WARN_ABOUT_RETURN_TYPE = YES_ERROR;
				GCC_WARN_UNDECLARED_SELECTOR = YES;
				GCC_WARN_UNINITIALIZED_AUTOS = YES_AGGRESSIVE;
				GCC_WARN_UNUSED_FUNCTION = YES;
				GCC_WARN_UNUSED_VARIABLE = YES;
				IPHONEOS_DEPLOYMENT_TARGET = 15.5;
				MTL_ENABLE_DEBUG_INFO = INCLUDE_SOURCE;
				MTL_FAST_MATH = YES;
				ONLY_ACTIVE_ARCH = YES;
				SDKROOT = iphoneos;
				SWIFT_ACTIVE_COMPILATION_CONDITIONS = DEBUG;
				SWIFT_OPTIMIZATION_LEVEL = "-Onone";
			};
			name = Debug;
		};
		EC64ECB9287B248F00311CB7 /* Release */ = {
			isa = XCBuildConfiguration;
			buildSettings = {
				ALWAYS_SEARCH_USER_PATHS = NO;
				CLANG_ANALYZER_NONNULL = YES;
				CLANG_ANALYZER_NUMBER_OBJECT_CONVERSION = YES_AGGRESSIVE;
				CLANG_CXX_LANGUAGE_STANDARD = "gnu++17";
				CLANG_ENABLE_MODULES = YES;
				CLANG_ENABLE_OBJC_ARC = YES;
				CLANG_ENABLE_OBJC_WEAK = YES;
				CLANG_WARN_BLOCK_CAPTURE_AUTORELEASING = YES;
				CLANG_WARN_BOOL_CONVERSION = YES;
				CLANG_WARN_COMMA = YES;
				CLANG_WARN_CONSTANT_CONVERSION = YES;
				CLANG_WARN_DEPRECATED_OBJC_IMPLEMENTATIONS = YES;
				CLANG_WARN_DIRECT_OBJC_ISA_USAGE = YES_ERROR;
				CLANG_WARN_DOCUMENTATION_COMMENTS = YES;
				CLANG_WARN_EMPTY_BODY = YES;
				CLANG_WARN_ENUM_CONVERSION = YES;
				CLANG_WARN_INFINITE_RECURSION = YES;
				CLANG_WARN_INT_CONVERSION = YES;
				CLANG_WARN_NON_LITERAL_NULL_CONVERSION = YES;
				CLANG_WARN_OBJC_IMPLICIT_RETAIN_SELF = YES;
				CLANG_WARN_OBJC_LITERAL_CONVERSION = YES;
				CLANG_WARN_OBJC_ROOT_CLASS = YES_ERROR;
				CLANG_WARN_QUOTED_INCLUDE_IN_FRAMEWORK_HEADER = YES;
				CLANG_WARN_RANGE_LOOP_ANALYSIS = YES;
				CLANG_WARN_STRICT_PROTOTYPES = YES;
				CLANG_WARN_SUSPICIOUS_MOVE = YES;
				CLANG_WARN_UNGUARDED_AVAILABILITY = YES_AGGRESSIVE;
				CLANG_WARN_UNREACHABLE_CODE = YES;
				CLANG_WARN__DUPLICATE_METHOD_MATCH = YES;
				COPY_PHASE_STRIP = NO;
				DEBUG_INFORMATION_FORMAT = "dwarf-with-dsym";
				ENABLE_NS_ASSERTIONS = NO;
				ENABLE_STRICT_OBJC_MSGSEND = YES;
				GCC_C_LANGUAGE_STANDARD = gnu11;
				GCC_NO_COMMON_BLOCKS = YES;
				GCC_WARN_64_TO_32_BIT_CONVERSION = YES;
				GCC_WARN_ABOUT_RETURN_TYPE = YES_ERROR;
				GCC_WARN_UNDECLARED_SELECTOR = YES;
				GCC_WARN_UNINITIALIZED_AUTOS = YES_AGGRESSIVE;
				GCC_WARN_UNUSED_FUNCTION = YES;
				GCC_WARN_UNUSED_VARIABLE = YES;
				IPHONEOS_DEPLOYMENT_TARGET = 15.5;
				MTL_ENABLE_DEBUG_INFO = NO;
				MTL_FAST_MATH = YES;
				SDKROOT = iphoneos;
				SWIFT_COMPILATION_MODE = wholemodule;
				SWIFT_OPTIMIZATION_LEVEL = "-O";
				VALIDATE_PRODUCT = YES;
			};
			name = Release;
		};
		EC64ECBB287B248F00311CB7 /* Debug */ = {
			isa = XCBuildConfiguration;
			baseConfigurationReference = 6B7C4A6ECF9439FA5EAC001D /* Pods-HorseWeather.debug.xcconfig */;
			buildSettings = {
				ASSETCATALOG_COMPILER_APPICON_NAME = AppIcon;
				ASSETCATALOG_COMPILER_GLOBAL_ACCENT_COLOR_NAME = AccentColor;
				CODE_SIGN_STYLE = Automatic;
				CURRENT_PROJECT_VERSION = 1;
				DEVELOPMENT_ASSET_PATHS = "\"HorseWeather/Preview Content\"";
				DEVELOPMENT_TEAM = VN2PML7NUH;
				ENABLE_PREVIEWS = YES;
				GENERATE_INFOPLIST_FILE = YES;
				INFOPLIST_FILE = HorseWeather/Info.plist;
				INFOPLIST_KEY_CFBundleDisplayName = "お天気競馬場";
				INFOPLIST_KEY_UIApplicationSceneManifest_Generation = YES;
				INFOPLIST_KEY_UIApplicationSupportsIndirectInputEvents = YES;
				INFOPLIST_KEY_UILaunchScreen_Generation = YES;
				INFOPLIST_KEY_UISupportedInterfaceOrientations = UIInterfaceOrientationPortrait;
				INFOPLIST_KEY_UISupportedInterfaceOrientations_iPad = "UIInterfaceOrientationPortrait UIInterfaceOrientationPortraitUpsideDown UIInterfaceOrientationLandscapeLeft UIInterfaceOrientationLandscapeRight";
				INFOPLIST_KEY_UISupportedInterfaceOrientations_iPhone = "UIInterfaceOrientationPortrait UIInterfaceOrientationLandscapeLeft UIInterfaceOrientationLandscapeRight";
				INFOPLIST_KEY_UIUserInterfaceStyle = Light;
				IPHONEOS_DEPLOYMENT_TARGET = 15.0;
				LD_RUNPATH_SEARCH_PATHS = (
					"$(inherited)",
					"@executable_path/Frameworks",
				);
				MARKETING_VERSION = 1.41;
				PRODUCT_BUNDLE_IDENTIFIER = com.kojikoji7765.HorseWeather;
				PRODUCT_NAME = "$(TARGET_NAME)";
				SWIFT_EMIT_LOC_STRINGS = YES;
				SWIFT_VERSION = 5.0;
				TARGETED_DEVICE_FAMILY = 1;
				TVOS_DEPLOYMENT_TARGET = 15.0;
			};
			name = Debug;
		};
		EC64ECBC287B248F00311CB7 /* Release */ = {
			isa = XCBuildConfiguration;
			baseConfigurationReference = 97D8290046FC740CD419A33B /* Pods-HorseWeather.release.xcconfig */;
			buildSettings = {
				ASSETCATALOG_COMPILER_APPICON_NAME = AppIcon;
				ASSETCATALOG_COMPILER_GLOBAL_ACCENT_COLOR_NAME = AccentColor;
				CODE_SIGN_STYLE = Automatic;
				CURRENT_PROJECT_VERSION = 1;
				DEVELOPMENT_ASSET_PATHS = "\"HorseWeather/Preview Content\"";
				DEVELOPMENT_TEAM = VN2PML7NUH;
				ENABLE_PREVIEWS = YES;
				GENERATE_INFOPLIST_FILE = YES;
				INFOPLIST_FILE = HorseWeather/Info.plist;
				INFOPLIST_KEY_CFBundleDisplayName = "お天気競馬場";
				INFOPLIST_KEY_UIApplicationSceneManifest_Generation = YES;
				INFOPLIST_KEY_UIApplicationSupportsIndirectInputEvents = YES;
				INFOPLIST_KEY_UILaunchScreen_Generation = YES;
				INFOPLIST_KEY_UISupportedInterfaceOrientations = UIInterfaceOrientationPortrait;
				INFOPLIST_KEY_UISupportedInterfaceOrientations_iPad = "UIInterfaceOrientationPortrait UIInterfaceOrientationPortraitUpsideDown UIInterfaceOrientationLandscapeLeft UIInterfaceOrientationLandscapeRight";
				INFOPLIST_KEY_UISupportedInterfaceOrientations_iPhone = "UIInterfaceOrientationPortrait UIInterfaceOrientationLandscapeLeft UIInterfaceOrientationLandscapeRight";
				INFOPLIST_KEY_UIUserInterfaceStyle = Light;
				IPHONEOS_DEPLOYMENT_TARGET = 15.0;
				LD_RUNPATH_SEARCH_PATHS = (
					"$(inherited)",
					"@executable_path/Frameworks",
				);
				MARKETING_VERSION = 1.41;
				PRODUCT_BUNDLE_IDENTIFIER = com.kojikoji7765.HorseWeather;
				PRODUCT_NAME = "$(TARGET_NAME)";
				SWIFT_EMIT_LOC_STRINGS = YES;
				SWIFT_VERSION = 5.0;
				TARGETED_DEVICE_FAMILY = 1;
				TVOS_DEPLOYMENT_TARGET = 15.0;
			};
			name = Release;
		};
/* End XCBuildConfiguration section */

/* Begin XCConfigurationList section */
		EC64ECA7287B248700311CB7 /* Build configuration list for PBXProject "HorseWeather" */ = {
			isa = XCConfigurationList;
			buildConfigurations = (
				EC64ECB8287B248F00311CB7 /* Debug */,
				EC64ECB9287B248F00311CB7 /* Release */,
			);
			defaultConfigurationIsVisible = 0;
			defaultConfigurationName = Release;
		};
		EC64ECBA287B248F00311CB7 /* Build configuration list for PBXNativeTarget "HorseWeather" */ = {
			isa = XCConfigurationList;
			buildConfigurations = (
				EC64ECBB287B248F00311CB7 /* Debug */,
				EC64ECBC287B248F00311CB7 /* Release */,
			);
			defaultConfigurationIsVisible = 0;
			defaultConfigurationName = Release;
		};
/* End XCConfigurationList section */

/* Begin XCRemoteSwiftPackageReference section */
		ECB5B3C228A4E82A00DD0604 /* XCRemoteSwiftPackageReference "realm-swift" */ = {
			isa = XCRemoteSwiftPackageReference;
			repositoryURL = "https://github.com/realm/realm-swift";
			requirement = {
				kind = upToNextMajorVersion;
				minimumVersion = 10.10.0;
			};
		};
		ECE188EE28816FE200DFC5C2 /* XCRemoteSwiftPackageReference "SDWebImageSwiftUI" */ = {
			isa = XCRemoteSwiftPackageReference;
			repositoryURL = "https://github.com/SDWebImage/SDWebImageSwiftUI";
			requirement = {
				kind = upToNextMajorVersion;
				minimumVersion = 2.0.0;
			};
		};
/* End XCRemoteSwiftPackageReference section */

/* Begin XCSwiftPackageProductDependency section */
		ECB5B3C328A4E82B00DD0604 /* Realm */ = {
			isa = XCSwiftPackageProductDependency;
			package = ECB5B3C228A4E82A00DD0604 /* XCRemoteSwiftPackageReference "realm-swift" */;
			productName = Realm;
		};
		ECB5B3C528A4E82B00DD0604 /* RealmSwift */ = {
			isa = XCSwiftPackageProductDependency;
			package = ECB5B3C228A4E82A00DD0604 /* XCRemoteSwiftPackageReference "realm-swift" */;
			productName = RealmSwift;
		};
		ECE188EF28816FE300DFC5C2 /* SDWebImageSwiftUI */ = {
			isa = XCSwiftPackageProductDependency;
			package = ECE188EE28816FE200DFC5C2 /* XCRemoteSwiftPackageReference "SDWebImageSwiftUI" */;
			productName = SDWebImageSwiftUI;
		};
/* End XCSwiftPackageProductDependency section */
	};
	rootObject = EC64ECA4287B248700311CB7 /* Project object */;
}
